{
  "originHash" : "a9db5a0b382bd7c42119836e80bbf6e918a1e9d9568a85851d49fd5d56591de0",
  "pins" : [
    {
      "identity" : "bencodingkit",
      "kind" : "remoteSourceControl",
      "location" : "https://github.com/Samasaur1/BencodingKit",
      "state" : {
        "branch" : "fixes-for-bencodedump",
        "revision" : "dd827f53e9f670fb396e91b8af6a1dd6312b4eec"
      }
    },
    {
      "identity" : "rainbow",
      "kind" : "remoteSourceControl",
      "location" : "https://github.com/onevcat/Rainbow",
      "state" : {
        "revision" : "e0dada9cd44e3fa7ec3b867e49a8ddbf543e3df3",
        "version" : "4.0.1"
      }
    }
  ],
  "version" : 3
}
